
Microsoft Visual Studio Solution File, Format Version 12.00
# Visual Studio 14
VisualStudioVersion = 14.0.25420.1
MinimumVisualStudioVersion = 10.0.40219.1
Project("{FAE04EC0-301F-11D3-BF4B-00C04F79EFBC}") = "01.CountRealNumbers", "01.CountRealNumbers\01.CountRealNumbers.csproj", "{ED3C7755-42A9-4AC2-B5D0-DC53CF774498}"
EndProject
Project("{FAE04EC0-301F-11D3-BF4B-00C04F79EFBC}") = "02.OddOccurrences", "02.OddOccurrences\02.OddOccurrences.csproj", "{EB3BB4D1-7E76-4C00-AE57-13341A18675F}"
EndProject
Project("{FAE04EC0-301F-11D3-BF4B-00C04F79EFBC}") = "03.Min,Max,Sum,Average", "03.Min,Max,Sum,Average\03.Min,Max,Sum,Average.csproj", "{63746846-6C1D-43B5-9405-BC1AE3EB0F48}"
EndProject
Project("{FAE04EC0-301F-11D3-BF4B-00C04F79EFBC}") = "04.Largest3Numbers", "04.Largest3Numbers\04.Largest3Numbers.csproj", "{E194CC7A-EC3A-4077-A960-ABD9EFEAB99D}"
EndProject
Project("{FAE04EC0-301F-11D3-BF4B-00C04F79EFBC}") = "05.ShortWordsSorted", "05.ShortWordsSorted\05.ShortWordsSorted.csproj", "{38760B9D-B4C6-4E39-8629-DCE2231BF54A}"
EndProject
Project("{FAE04EC0-301F-11D3-BF4B-00C04F79EFBC}") = "06.FoldAndSum", "06.FoldAndSum\06.FoldAndSum.csproj", "{277F8106-13D6-411E-92C5-58C492187FBB}"
EndProject
Global
	GlobalSection(SolutionConfigurationPlatforms) = preSolution
		Debug|Any CPU = Debug|Any CPU
		Release|Any CPU = Release|Any CPU
	EndGlobalSection
	GlobalSection(ProjectConfigurationPlatforms) = postSolution
		{ED3C7755-42A9-4AC2-B5D0-DC53CF774498}.Debug|Any CPU.ActiveCfg = Debug|Any CPU
		{ED3C7755-42A9-4AC2-B5D0-DC53CF774498}.Debug|Any CPU.Build.0 = Debug|Any CPU
		{ED3C7755-42A9-4AC2-B5D0-DC53CF774498}.Release|Any CPU.ActiveCfg = Release|Any CPU
		{ED3C7755-42A9-4AC2-B5D0-DC53CF774498}.Release|Any CPU.Build.0 = Release|Any CPU
		{EB3BB4D1-7E76-4C00-AE57-13341A18675F}.Debug|Any CPU.ActiveCfg = Debug|Any CPU
		{EB3BB4D1-7E76-4C00-AE57-13341A18675F}.Debug|Any CPU.Build.0 = Debug|Any CPU
		{EB3BB4D1-7E76-4C00-AE57-13341A18675F}.Release|Any CPU.ActiveCfg = Release|Any CPU
		{EB3BB4D1-7E76-4C00-AE57-13341A18675F}.Release|Any CPU.Build.0 = Release|Any CPU
		{63746846-6C1D-43B5-9405-BC1AE3EB0F48}.Debug|Any CPU.ActiveCfg = Debug|Any CPU
		{63746846-6C1D-43B5-9405-BC1AE3EB0F48}.Debug|Any CPU.Build.0 = Debug|Any CPU
		{63746846-6C1D-43B5-9405-BC1AE3EB0F48}.Release|Any CPU.ActiveCfg = Release|Any CPU
		{63746846-6C1D-43B5-9405-BC1AE3EB0F48}.Release|Any CPU.Build.0 = Release|Any CPU
		{E194CC7A-EC3A-4077-A960-ABD9EFEAB99D}.Debug|Any CPU.ActiveCfg = Debug|Any CPU
		{E194CC7A-EC3A-4077-A960-ABD9EFEAB99D}.Debug|Any CPU.Build.0 = Debug|Any CPU
		{E194CC7A-EC3A-4077-A960-ABD9EFEAB99D}.Release|Any CPU.ActiveCfg = Release|Any CPU
		{E194CC7A-EC3A-4077-A960-ABD9EFEAB99D}.Release|Any CPU.Build.0 = Release|Any CPU
		{38760B9D-B4C6-4E39-8629-DCE2231BF54A}.Debug|Any CPU.ActiveCfg = Debug|Any CPU
		{38760B9D-B4C6-4E39-8629-DCE2231BF54A}.Debug|Any CPU.Build.0 = Debug|Any CPU
		{38760B9D-B4C6-4E39-8629-DCE2231BF54A}.Release|Any CPU.ActiveCfg = Release|Any CPU
		{38760B9D-B4C6-4E39-8629-DCE2231BF54A}.Release|Any CPU.Build.0 = Release|Any CPU
		{277F8106-13D6-411E-92C5-58C492187FBB}.Debug|Any CPU.ActiveCfg = Debug|Any CPU
		{277F8106-13D6-411E-92C5-58C492187FBB}.Debug|Any CPU.Build.0 = Debug|Any CPU
		{277F8106-13D6-411E-92C5-58C492187FBB}.Release|Any CPU.ActiveCfg = Release|Any CPU
		{277F8106-13D6-411E-92C5-58C492187FBB}.Release|Any CPU.Build.0 = Release|Any CPU
	EndGlobalSection
	GlobalSection(SolutionProperties) = preSolution
		HideSolutionNode = FALSE
	EndGlobalSection
EndGlobal
